
Microsoft Visual Studio Solution File, Format Version 12.00
# Visual Studio 15
VisualStudioVersion = 15.0.27428.2027
MinimumVisualStudioVersion = 10.0.40219.1
Project("{8BC9CEB8-8B4A-11D0-8D11-00A0C91BC942}") = "TicTacToe", "TicTacToe\TicTacToe.vcxproj", "{134A3E87-FAD1-4838-A5DA-ED7A1E4B6D92}"
EndProject
Project("{8BC9CEB8-8B4A-11D0-8D11-00A0C91BC942}") = "App.Cli", "App.Cli\App.Cli.vcxproj", "{400AFA29-8EDF-46E7-B0B5-76B4FA33A603}"
EndProject
Project("{8BC9CEB8-8B4A-11D0-8D11-00A0C91BC942}") = "LaggySdk", "..\LaggySdk\LaggySdk\LaggySdk.vcxproj", "{26F606C5-4239-49F0-B3D4-C358526C2325}"
EndProject
Project("{2150E333-8FDC-42A3-9474-1A3956D46DE8}") = "common", "common", "{9209F2D6-8804-44A2-9B56-0CED65F8FB4C}"
EndProject
Project("{2150E333-8FDC-42A3-9474-1A3956D46DE8}") = "libs", "libs", "{4C8C973C-9E70-4F6B-ACF8-C4B8CD3269E8}"
EndProject
Project("{8BC9CEB8-8B4A-11D0-8D11-00A0C91BC942}") = "LaggyDx", "..\LaggyDx\LaggyDx\LaggyDx.vcxproj", "{27FCDF2C-D499-4F8E-A388-494AB948F151}"
EndProject
Project("{8BC9CEB8-8B4A-11D0-8D11-00A0C91BC942}") = "App.Dx", "App.Dx\App.Dx.vcxproj", "{6519D943-D7CD-44B4-91C4-99C99C92F05F}"
EndProject
Project("{8BC9CEB8-8B4A-11D0-8D11-00A0C91BC942}") = "DirectXTK_Desktop_2017_Win10", "..\DirectXTK\DirectXTK_Desktop_2017_Win10.vcxproj", "{E0B52AE7-E160-4D32-BF3F-910B785E5A8E}"
EndProject
Global
	GlobalSection(SolutionConfigurationPlatforms) = preSolution
		Debug|x64 = Debug|x64
		Debug|x86 = Debug|x86
		Release|x64 = Release|x64
		Release|x86 = Release|x86
	EndGlobalSection
	GlobalSection(ProjectConfigurationPlatforms) = postSolution
		{134A3E87-FAD1-4838-A5DA-ED7A1E4B6D92}.Debug|x64.ActiveCfg = Debug|x64
		{134A3E87-FAD1-4838-A5DA-ED7A1E4B6D92}.Debug|x64.Build.0 = Debug|x64
		{134A3E87-FAD1-4838-A5DA-ED7A1E4B6D92}.Debug|x86.ActiveCfg = Debug|Win32
		{134A3E87-FAD1-4838-A5DA-ED7A1E4B6D92}.Debug|x86.Build.0 = Debug|Win32
		{134A3E87-FAD1-4838-A5DA-ED7A1E4B6D92}.Release|x64.ActiveCfg = Release|x64
		{134A3E87-FAD1-4838-A5DA-ED7A1E4B6D92}.Release|x64.Build.0 = Release|x64
		{134A3E87-FAD1-4838-A5DA-ED7A1E4B6D92}.Release|x86.ActiveCfg = Release|Win32
		{134A3E87-FAD1-4838-A5DA-ED7A1E4B6D92}.Release|x86.Build.0 = Release|Win32
		{400AFA29-8EDF-46E7-B0B5-76B4FA33A603}.Debug|x64.ActiveCfg = Debug|x64
		{400AFA29-8EDF-46E7-B0B5-76B4FA33A603}.Debug|x64.Build.0 = Debug|x64
		{400AFA29-8EDF-46E7-B0B5-76B4FA33A603}.Debug|x86.ActiveCfg = Debug|Win32
		{400AFA29-8EDF-46E7-B0B5-76B4FA33A603}.Debug|x86.Build.0 = Debug|Win32
		{400AFA29-8EDF-46E7-B0B5-76B4FA33A603}.Release|x64.ActiveCfg = Release|x64
		{400AFA29-8EDF-46E7-B0B5-76B4FA33A603}.Release|x64.Build.0 = Release|x64
		{400AFA29-8EDF-46E7-B0B5-76B4FA33A603}.Release|x86.ActiveCfg = Release|Win32
		{400AFA29-8EDF-46E7-B0B5-76B4FA33A603}.Release|x86.Build.0 = Release|Win32
		{26F606C5-4239-49F0-B3D4-C358526C2325}.Debug|x64.ActiveCfg = Debug|x64
		{26F606C5-4239-49F0-B3D4-C358526C2325}.Debug|x64.Build.0 = Debug|x64
		{26F606C5-4239-49F0-B3D4-C358526C2325}.Debug|x86.ActiveCfg = Debug|Win32
		{26F606C5-4239-49F0-B3D4-C358526C2325}.Debug|x86.Build.0 = Debug|Win32
		{26F606C5-4239-49F0-B3D4-C358526C2325}.Release|x64.ActiveCfg = Release|x64
		{26F606C5-4239-49F0-B3D4-C358526C2325}.Release|x64.Build.0 = Release|x64
		{26F606C5-4239-49F0-B3D4-C358526C2325}.Release|x86.ActiveCfg = Release|Win32
		{26F606C5-4239-49F0-B3D4-C358526C2325}.Release|x86.Build.0 = Release|Win32
		{27FCDF2C-D499-4F8E-A388-494AB948F151}.Debug|x64.ActiveCfg = Debug|x64
		{27FCDF2C-D499-4F8E-A388-494AB948F151}.Debug|x64.Build.0 = Debug|x64
		{27FCDF2C-D499-4F8E-A388-494AB948F151}.Debug|x86.ActiveCfg = Debug|Win32
		{27FCDF2C-D499-4F8E-A388-494AB948F151}.Debug|x86.Build.0 = Debug|Win32
		{27FCDF2C-D499-4F8E-A388-494AB948F151}.Release|x64.ActiveCfg = Release|x64
		{27FCDF2C-D499-4F8E-A388-494AB948F151}.Release|x64.Build.0 = Release|x64
		{27FCDF2C-D499-4F8E-A388-494AB948F151}.Release|x86.ActiveCfg = Release|Win32
		{27FCDF2C-D499-4F8E-A388-494AB948F151}.Release|x86.Build.0 = Release|Win32
		{6519D943-D7CD-44B4-91C4-99C99C92F05F}.Debug|x64.ActiveCfg = Debug|x64
		{6519D943-D7CD-44B4-91C4-99C99C92F05F}.Debug|x64.Build.0 = Debug|x64
		{6519D943-D7CD-44B4-91C4-99C99C92F05F}.Debug|x86.ActiveCfg = Debug|Win32
		{6519D943-D7CD-44B4-91C4-99C99C92F05F}.Debug|x86.Build.0 = Debug|Win32
		{6519D943-D7CD-44B4-91C4-99C99C92F05F}.Release|x64.ActiveCfg = Release|x64
		{6519D943-D7CD-44B4-91C4-99C99C92F05F}.Release|x64.Build.0 = Release|x64
		{6519D943-D7CD-44B4-91C4-99C99C92F05F}.Release|x86.ActiveCfg = Release|Win32
		{6519D943-D7CD-44B4-91C4-99C99C92F05F}.Release|x86.Build.0 = Release|Win32
		{E0B52AE7-E160-4D32-BF3F-910B785E5A8E}.Debug|x64.ActiveCfg = Debug|x64
		{E0B52AE7-E160-4D32-BF3F-910B785E5A8E}.Debug|x64.Build.0 = Debug|x64
		{E0B52AE7-E160-4D32-BF3F-910B785E5A8E}.Debug|x86.ActiveCfg = Debug|Win32
		{E0B52AE7-E160-4D32-BF3F-910B785E5A8E}.Debug|x86.Build.0 = Debug|Win32
		{E0B52AE7-E160-4D32-BF3F-910B785E5A8E}.Release|x64.ActiveCfg = Release|x64
		{E0B52AE7-E160-4D32-BF3F-910B785E5A8E}.Release|x64.Build.0 = Release|x64
		{E0B52AE7-E160-4D32-BF3F-910B785E5A8E}.Release|x86.ActiveCfg = Release|Win32
		{E0B52AE7-E160-4D32-BF3F-910B785E5A8E}.Release|x86.Build.0 = Release|Win32
	EndGlobalSection
	GlobalSection(SolutionProperties) = preSolution
		HideSolutionNode = FALSE
	EndGlobalSection
	GlobalSection(NestedProjects) = preSolution
		{134A3E87-FAD1-4838-A5DA-ED7A1E4B6D92} = {9209F2D6-8804-44A2-9B56-0CED65F8FB4C}
		{400AFA29-8EDF-46E7-B0B5-76B4FA33A603} = {9209F2D6-8804-44A2-9B56-0CED65F8FB4C}
		{26F606C5-4239-49F0-B3D4-C358526C2325} = {4C8C973C-9E70-4F6B-ACF8-C4B8CD3269E8}
		{27FCDF2C-D499-4F8E-A388-494AB948F151} = {4C8C973C-9E70-4F6B-ACF8-C4B8CD3269E8}
		{6519D943-D7CD-44B4-91C4-99C99C92F05F} = {9209F2D6-8804-44A2-9B56-0CED65F8FB4C}
		{E0B52AE7-E160-4D32-BF3F-910B785E5A8E} = {4C8C973C-9E70-4F6B-ACF8-C4B8CD3269E8}
	EndGlobalSection
	GlobalSection(ExtensibilityGlobals) = postSolution
		SolutionGuid = {133B4B37-270B-49AE-BEF2-E74E8CE2773F}
	EndGlobalSection
EndGlobal
