<?xml version="1.0" encoding="utf-8"?>
<Project ToolsVersion="4.0" xmlns="http://schemas.microsoft.com/developer/msbuild/2003">
  <ItemGroup>
    <Filter Include="src">
      <UniqueIdentifier>{518b49fd-0c43-4c6d-bf57-cb30231696c0}</UniqueIdentifier>
    </Filter>
    <Filter Include="src\Model">
      <UniqueIdentifier>{3168d56d-e78d-4583-a9a4-311939ff5ed8}</UniqueIdentifier>
    </Filter>
  </ItemGroup>
  <ItemGroup>
    <ClCompile Include="stdafx.cpp">
      <Filter>src</Filter>
    </ClCompile>
    <ClCompile Include="GameField.cpp">
      <Filter>src\Model</Filter>
    </ClCompile>
  </ItemGroup>
  <ItemGroup>
    <ClInclude Include="stdafx.h">
      <Filter>src</Filter>
    </ClInclude>
    <ClInclude Include="GameField.h">
      <Filter>src\Model</Filter>
    </ClInclude>
    <ClInclude Include="TicTacToeFwd.h">
      <Filter>src</Filter>
    </ClInclude>
  </ItemGroup>
</Project>