<?xml version="1.0" encoding="utf-8"?>
<Project ToolsVersion="4.0" xmlns="http://schemas.microsoft.com/developer/msbuild/2003">
  <ItemGroup>
    <Filter Include="src">
      <UniqueIdentifier>{3f2811cf-5e7f-45bc-860c-22b30452dfad}</UniqueIdentifier>
    </Filter>
    <Filter Include="src\App">
      <UniqueIdentifier>{9da9770c-39c2-4a5c-93fc-876f402f895c}</UniqueIdentifier>
    </Filter>
    <Filter Include="src\Settings">
      <UniqueIdentifier>{b664633c-6c5a-49de-99b4-a3f6095c8127}</UniqueIdentifier>
    </Filter>
    <Filter Include="src\SpriteCollection">
      <UniqueIdentifier>{7c74be48-a8e7-4dda-9460-9255d11b5a5d}</UniqueIdentifier>
    </Filter>
  </ItemGroup>
  <ItemGroup>
    <ClCompile Include="main.cpp">
      <Filter>src</Filter>
    </ClCompile>
    <ClCompile Include="stdafx.cpp">
      <Filter>src</Filter>
    </ClCompile>
    <ClCompile Include="App.cpp">
      <Filter>src\App</Filter>
    </ClCompile>
    <ClCompile Include="ViewModel.cpp">
      <Filter>src\SpriteCollection</Filter>
    </ClCompile>
  </ItemGroup>
  <ItemGroup>
    <ClInclude Include="stdafx.h">
      <Filter>src</Filter>
    </ClInclude>
    <ClInclude Include="App.h">
      <Filter>src\App</Filter>
    </ClInclude>
    <ClInclude Include="Settings.h">
      <Filter>src\Settings</Filter>
    </ClInclude>
    <ClInclude Include="ViewModel.h">
      <Filter>src\SpriteCollection</Filter>
    </ClInclude>
  </ItemGroup>
</Project>